
Microsoft Visual Studio Solution File, Format Version 12.00
# Visual Studio Version 17
VisualStudioVersion = 17.3.32922.545
MinimumVisualStudioVersion = 10.0.40219.1
Project("{FAE04EC0-301F-11D3-BF4B-00C04F79EFBC}") = "Basic-Core-Problems", "Basic-Core-Problems\Basic-Core-Problems.csproj", "{A2CF25FF-B5BF-44DD-BF3B-0C2E5AB7809E}"
EndProject
Global
	GlobalSection(SolutionConfigurationPlatforms) = preSolution
		Debug|Any CPU = Debug|Any CPU
		Release|Any CPU = Release|Any CPU
	EndGlobalSection
	GlobalSection(ProjectConfigurationPlatforms) = postSolution
		{A2CF25FF-B5BF-44DD-BF3B-0C2E5AB7809E}.Debug|Any CPU.ActiveCfg = Debug|Any CPU
		{A2CF25FF-B5BF-44DD-BF3B-0C2E5AB7809E}.Debug|Any CPU.Build.0 = Debug|Any CPU
		{A2CF25FF-B5BF-44DD-BF3B-0C2E5AB7809E}.Release|Any CPU.ActiveCfg = Release|Any CPU
		{A2CF25FF-B5BF-44DD-BF3B-0C2E5AB7809E}.Release|Any CPU.Build.0 = Release|Any CPU
	EndGlobalSection
	GlobalSection(SolutionProperties) = preSolution
		HideSolutionNode = FALSE
	EndGlobalSection
	GlobalSection(ExtensibilityGlobals) = postSolution
		SolutionGuid = {328068C4-25F3-4EF9-A019-C61ED9CB2646}
	EndGlobalSection
EndGlobal
